
Microsoft Visual Studio Solution File, Format Version 12.00
# Visual Studio 15
Project("{FAE04EC0-301F-11D3-BF4B-00C04F79EFBC}") = "Orders", "src\Orders.csproj", "{F426A0D9-E9E1-4AE9-9429-E3C809154B3B}"
EndProject
Project("{E53339B2-1760-4266-BCC7-CA923CBCF16C}") = "docker-compose", "docker-compose.dcproj", "{AA169FC5-948C-469B-B123-C54A071590FA}"
EndProject
Project("{2150E333-8FDC-42A3-9474-1A3956D46DE8}") = "src", "src", "{5B0268A6-BB4C-4B30-BFE1-838BDBD9F56D}"
EndProject
Project("{2150E333-8FDC-42A3-9474-1A3956D46DE8}") = "tests", "tests", "{E996EB3F-00BD-473E-80B4-6482325109CE}"
EndProject
Project("{FAE04EC0-301F-11D3-BF4B-00C04F79EFBC}") = "Orders.UnitTests", "tests\Orders.UnitTests\Orders.UnitTests.csproj", "{2C671ABB-747A-4497-A18E-6FAB913E9E7B}"
EndProject
Project("{FAE04EC0-301F-11D3-BF4B-00C04F79EFBC}") = "Orders.IntegrationTests", "tests\Orders.IntegrationTests\Orders.IntegrationTests.csproj", "{E50552B9-D4E6-4C83-971B-4C64E0EB8696}"
EndProject
Project("{FAE04EC0-301F-11D3-BF4B-00C04F79EFBC}") = "Orders.FunctionalTests", "tests\Orders.FunctionalTests\Orders.FunctionalTests.csproj", "{CF501E96-D7ED-4EEB-AE2D-FF3C2AFA267B}"
EndProject
Global
	GlobalSection(SolutionConfigurationPlatforms) = preSolution
		Debug|Any CPU = Debug|Any CPU
		Release|Any CPU = Release|Any CPU
	EndGlobalSection
	GlobalSection(ProjectConfigurationPlatforms) = postSolution
		{F426A0D9-E9E1-4AE9-9429-E3C809154B3B}.Debug|Any CPU.ActiveCfg = Debug|Any CPU
		{F426A0D9-E9E1-4AE9-9429-E3C809154B3B}.Debug|Any CPU.Build.0 = Debug|Any CPU
		{F426A0D9-E9E1-4AE9-9429-E3C809154B3B}.Release|Any CPU.ActiveCfg = Release|Any CPU
		{F426A0D9-E9E1-4AE9-9429-E3C809154B3B}.Release|Any CPU.Build.0 = Release|Any CPU
		{AA169FC5-948C-469B-B123-C54A071590FA}.Debug|Any CPU.ActiveCfg = Debug|Any CPU
		{AA169FC5-948C-469B-B123-C54A071590FA}.Debug|Any CPU.Build.0 = Debug|Any CPU
		{AA169FC5-948C-469B-B123-C54A071590FA}.Release|Any CPU.ActiveCfg = Release|Any CPU
		{AA169FC5-948C-469B-B123-C54A071590FA}.Release|Any CPU.Build.0 = Release|Any CPU
		{2C671ABB-747A-4497-A18E-6FAB913E9E7B}.Debug|Any CPU.ActiveCfg = Debug|Any CPU
		{2C671ABB-747A-4497-A18E-6FAB913E9E7B}.Debug|Any CPU.Build.0 = Debug|Any CPU
		{2C671ABB-747A-4497-A18E-6FAB913E9E7B}.Release|Any CPU.ActiveCfg = Release|Any CPU
		{2C671ABB-747A-4497-A18E-6FAB913E9E7B}.Release|Any CPU.Build.0 = Release|Any CPU
		{E50552B9-D4E6-4C83-971B-4C64E0EB8696}.Debug|Any CPU.ActiveCfg = Debug|Any CPU
		{E50552B9-D4E6-4C83-971B-4C64E0EB8696}.Debug|Any CPU.Build.0 = Debug|Any CPU
		{E50552B9-D4E6-4C83-971B-4C64E0EB8696}.Release|Any CPU.ActiveCfg = Release|Any CPU
		{E50552B9-D4E6-4C83-971B-4C64E0EB8696}.Release|Any CPU.Build.0 = Release|Any CPU
		{CF501E96-D7ED-4EEB-AE2D-FF3C2AFA267B}.Debug|Any CPU.ActiveCfg = Debug|Any CPU
		{CF501E96-D7ED-4EEB-AE2D-FF3C2AFA267B}.Debug|Any CPU.Build.0 = Debug|Any CPU
		{CF501E96-D7ED-4EEB-AE2D-FF3C2AFA267B}.Release|Any CPU.ActiveCfg = Release|Any CPU
		{CF501E96-D7ED-4EEB-AE2D-FF3C2AFA267B}.Release|Any CPU.Build.0 = Release|Any CPU
	EndGlobalSection
	GlobalSection(MonoDevelopProperties) = preSolution
		Policies = $0
		$0.DotNetNamingPolicy = $1
		$1.DirectoryNamespaceAssociation = PrefixedHierarchical
		$0.TextStylePolicy = $2
		$2.inheritsSet = null
		$2.scope = text/x-csharp
		$0.CSharpFormattingPolicy = $3
		$3.scope = text/x-csharp
		$0.TextStylePolicy = $4
		$4.FileWidth = 80
		$4.TabsToSpaces = True
		$4.scope = text/plain
		$0.TextStylePolicy = $5
		$5.inheritsSet = null
		$5.scope = text/x-json
		$0.JSONFormattingPolicy = $6
		$6.AutoStructureCompletion = True
		$6.BracePositions = SemiExpanded
		$6.FormatOnPaste = True
		$6.scope = text/x-json
		$6.AutomaticFormatting = True
		$0.TextStylePolicy = $7
		$7.inheritsSet = null
		$7.scope = text/x-web
		$0.TextStylePolicy = $8
		$8.inheritsSet = null
		$8.scope = text/x-vs
		$0.StandardHeader = $9
		$0.TextStylePolicy = $10
		$10.scope = text/x-makefile
		$10.FileWidth = 80
		$10.TabWidth = 8
		$10.IndentWidth = 8
	EndGlobalSection
	GlobalSection(NestedProjects) = preSolution
		{F426A0D9-E9E1-4AE9-9429-E3C809154B3B} = {5B0268A6-BB4C-4B30-BFE1-838BDBD9F56D}
		{2C671ABB-747A-4497-A18E-6FAB913E9E7B} = {E996EB3F-00BD-473E-80B4-6482325109CE}
		{E50552B9-D4E6-4C83-971B-4C64E0EB8696} = {E996EB3F-00BD-473E-80B4-6482325109CE}
		{CF501E96-D7ED-4EEB-AE2D-FF3C2AFA267B} = {E996EB3F-00BD-473E-80B4-6482325109CE}
	EndGlobalSection
EndGlobal
